
Microsoft Visual Studio Solution File, Format Version 12.00
# Visual Studio Version 17
VisualStudioVersion = 17.8.34322.80
MinimumVisualStudioVersion = 10.0.40219.1
Project("{FAE04EC0-301F-11D3-BF4B-00C04F79EFBC}") = "Victorina", "Victorina.csproj", "{CE0D58C6-22EF-480F-884C-5D1F4F09488D}"
EndProject
Global
	GlobalSection(SolutionConfigurationPlatforms) = preSolution
		Debug|Any CPU = Debug|Any CPU
		Release|Any CPU = Release|Any CPU
	EndGlobalSection
	GlobalSection(ProjectConfigurationPlatforms) = postSolution
		{CE0D58C6-22EF-480F-884C-5D1F4F09488D}.Debug|Any CPU.ActiveCfg = Debug|Any CPU
		{CE0D58C6-22EF-480F-884C-5D1F4F09488D}.Debug|Any CPU.Build.0 = Debug|Any CPU
		{CE0D58C6-22EF-480F-884C-5D1F4F09488D}.Release|Any CPU.ActiveCfg = Release|Any CPU
		{CE0D58C6-22EF-480F-884C-5D1F4F09488D}.Release|Any CPU.Build.0 = Release|Any CPU
	EndGlobalSection
	GlobalSection(SolutionProperties) = preSolution
		HideSolutionNode = FALSE
	EndGlobalSection
	GlobalSection(ExtensibilityGlobals) = postSolution
		SolutionGuid = {4572AA1C-5440-4E4F-A3CC-0BE4E77D704A}
	EndGlobalSection
EndGlobal
